
Microsoft Visual Studio Solution File, Format Version 12.00
# Visual Studio Version 17
VisualStudioVersion = 17.0.31903.59
MinimumVisualStudioVersion = 10.0.40219.1
Project("{FAE04EC0-301F-11D3-BF4B-00C04F79EFBC}") = "Server.GreetingAPI", "Server.GreetingAPI\Server.GreetingAPI.csproj", "{23C779B2-BE82-4A79-9A14-CE0A28039744}"
EndProject
Project("{FAE04EC0-301F-11D3-BF4B-00C04F79EFBC}") = "Server.AgeAPI", "Server.AgeAPI\Server.AgeAPI.csproj", "{EBCC2ED0-57D4-4D3E-A9FD-D9F3609621D6}"
EndProject
Global
	GlobalSection(SolutionConfigurationPlatforms) = preSolution
		Debug|Any CPU = Debug|Any CPU
		Release|Any CPU = Release|Any CPU
	EndGlobalSection
	GlobalSection(SolutionProperties) = preSolution
		HideSolutionNode = FALSE
	EndGlobalSection
	GlobalSection(ProjectConfigurationPlatforms) = postSolution
		{23C779B2-BE82-4A79-9A14-CE0A28039744}.Debug|Any CPU.ActiveCfg = Debug|Any CPU
		{23C779B2-BE82-4A79-9A14-CE0A28039744}.Debug|Any CPU.Build.0 = Debug|Any CPU
		{23C779B2-BE82-4A79-9A14-CE0A28039744}.Release|Any CPU.ActiveCfg = Release|Any CPU
		{23C779B2-BE82-4A79-9A14-CE0A28039744}.Release|Any CPU.Build.0 = Release|Any CPU
		{EBCC2ED0-57D4-4D3E-A9FD-D9F3609621D6}.Debug|Any CPU.ActiveCfg = Debug|Any CPU
		{EBCC2ED0-57D4-4D3E-A9FD-D9F3609621D6}.Debug|Any CPU.Build.0 = Debug|Any CPU
		{EBCC2ED0-57D4-4D3E-A9FD-D9F3609621D6}.Release|Any CPU.ActiveCfg = Release|Any CPU
		{EBCC2ED0-57D4-4D3E-A9FD-D9F3609621D6}.Release|Any CPU.Build.0 = Release|Any CPU
	EndGlobalSection
EndGlobal
